// !$*UTF8*$!
{
	archiveVersion = 1;
	classes = {
	};
	objectVersion = 50;
	objects = {

/* Begin PBXBuildFile section */
		AC6AF9E223881CB800EB13C8 /* AppDelegate.swift in Sources */ = {isa = PBXBuildFile; fileRef = AC6AF9E123881CB800EB13C8 /* AppDelegate.swift */; };
		AC6AF9E423881CB800EB13C8 /* SceneDelegate.swift in Sources */ = {isa = PBXBuildFile; fileRef = AC6AF9E323881CB800EB13C8 /* SceneDelegate.swift */; };
		AC6AF9E623881CB800EB13C8 /* ViewController.swift in Sources */ = {isa = PBXBuildFile; fileRef = AC6AF9E523881CB800EB13C8 /* ViewController.swift */; };
		AC6AF9E923881CB800EB13C8 /* Main.storyboard in Resources */ = {isa = PBXBuildFile; fileRef = AC6AF9E723881CB800EB13C8 /* Main.storyboard */; };
		AC6AF9EB23881CB900EB13C8 /* Assets.xcassets in Resources */ = {isa = PBXBuildFile; fileRef = AC6AF9EA23881CB900EB13C8 /* Assets.xcassets */; };
		AC6AF9EE23881CB900EB13C8 /* LaunchScreen.storyboard in Resources */ = {isa = PBXBuildFile; fileRef = AC6AF9EC23881CB900EB13C8 /* LaunchScreen.storyboard */; };
/* End PBXBuildFile section */

/* Begin PBXFileReference section */
		AC6AF9DE23881CB800EB13C8 /* ControlsAndTextViews.app */ = {isa = PBXFileReference; explicitFileType = wrapper.application; includeInIndex = 0; path = ControlsAndTextViews.app; sourceTree = BUILT_PRODUCTS_DIR; };
		AC6AF9E123881CB800EB13C8 /* AppDelegate.swift */ = {isa = PBXFileReference; lastKnownFileType = sourcecode.swift; path = AppDelegate.swift; sourceTree = "<group>"; };
		AC6AF9E323881CB800EB13C8 /* SceneDelegate.swift */ = {isa = PBXFileReference; lastKnownFileType = sourcecode.swift; path = SceneDelegate.swift; sourceTree = "<group>"; };
		AC6AF9E523881CB800EB13C8 /* ViewController.swift */ = {isa = PBXFileReference; lastKnownFileType = sourcecode.swift; path = ViewController.swift; sourceTree = "<group>"; };
		AC6AF9E823881CB800EB13C8 /* Base */ = {isa = PBXFileReference; lastKnownFileType = file.storyboard; name = Base; path = Base.lproj/Main.storyboard; sourceTree = "<group>"; };
		AC6AF9EA23881CB900EB13C8 /* Assets.xcassets */ = {isa = PBXFileReference; lastKnownFileType = folder.assetcatalog; path = Assets.xcassets; sourceTree = "<group>"; };
		AC6AF9ED23881CB900EB13C8 /* Base */ = {isa = PBXFileReference; lastKnownFileType = file.storyboard; name = Base; path = Base.lproj/LaunchScreen.storyboard; sourceTree = "<group>"; };
		AC6AF9EF23881CB900EB13C8 /* Info.plist */ = {isa = PBXFileReference; lastKnownFileType = text.plist.xml; path = Info.plist; sourceTree = "<group>"; };
/* End PBXFileReference section */

/* Begin PBXFrameworksBuildPhase section */
		AC6AF9DB23881CB800EB13C8 /* Frameworks */ = {
			isa = PBXFrameworksBuildPhase;
			buildActionMask = 2147483647;
			files = (
			);
			runOnlyForDeploymentPostprocessing = 0;
		};
/* End PBXFrameworksBuildPhase section */

/* Begin PBXGroup section */
		AC6AF9D523881CB800EB13C8 = {
			isa = PBXGroup;
			children = (
				AC6AF9E023881CB800EB13C8 /* ControlsAndTextViews */,
				AC6AF9DF23881CB800EB13C8 /* Products */,
			);
			sourceTree = "<group>";
		};
		AC6AF9DF23881CB800EB13C8 /* Products */ = {
			isa = PBXGroup;
			children = (
				AC6AF9DE23881CB800EB13C8 /* ControlsAndTextViews.app */,
			);
			name = Products;
			sourceTree = "<group>";
		};
		AC6AF9E023881CB800EB13C8 /* ControlsAndTextViews */ = {
			isa = PBXGroup;
			children = (
				AC6AF9E123881CB800EB13C8 /* AppDelegate.swift */,
				AC6AF9E323881CB800EB13C8 /* SceneDelegate.swift */,
				AC6AF9E523881CB800EB13C8 /* ViewController.swift */,
				AC6AF9E723881CB800EB13C8 /* Main.storyboard */,
				AC6AF9EA23881CB900EB13C8 /* Assets.xcassets */,
				AC6AF9EC23881CB900EB13C8 /* LaunchScreen.storyboard */,
				AC6AF9EF23881CB900EB13C8 /* Info.plist */,
			);
			path = ControlsAndTextViews;
			sourceTree = "<group>";
		};
/* End PBXGroup section */

/* Begin PBXNativeTarget section */
		AC6AF9DD23881CB800EB13C8 /* ControlsAndTextViews */ = {
			isa = PBXNativeTarget;
			buildConfigurationList = AC6AF9F223881CB900EB13C8 /* Build configuration list for PBXNativeTarget "ControlsAndTextViews" */;
			buildPhases = (
				AC6AF9DA23881CB800EB13C8 /* Sources */,
				AC6AF9DB23881CB800EB13C8 /* Frameworks */,
				AC6AF9DC23881CB800EB13C8 /* Resources */,
			);
			buildRules = (
			);
			dependencies = (
			);
			name = ControlsAndTextViews;
			productName = ControlsAndTextViews;
			productReference = AC6AF9DE23881CB800EB13C8 /* ControlsAndTextViews.app */;
			productType = "com.apple.product-type.application";
		};
/* End PBXNativeTarget section */

/* Begin PBXProject section */
		AC6AF9D623881CB800EB13C8 /* Project object */ = {
			isa = PBXProject;
			attributes = {
				LastSwiftUpdateCheck = 1120;
				LastUpgradeCheck = 1120;
				ORGANIZATIONNAME = MoureDev;
				TargetAttributes = {
					AC6AF9DD23881CB800EB13C8 = {
						CreatedOnToolsVersion = 11.2.1;
					};
				};
			};
			buildConfigurationList = AC6AF9D923881CB800EB13C8 /* Build configuration list for PBXProject "ControlsAndTextViews" */;
			compatibilityVersion = "Xcode 9.3";
			developmentRegion = en;
			hasScannedForEncodings = 0;
			knownRegions = (
				en,
				Base,
			);
			mainGroup = AC6AF9D523881CB800EB13C8;
			productRefGroup = AC6AF9DF23881CB800EB13C8 /* Products */;
			projectDirPath = "";
			projectRoot = "";
			targets = (
				AC6AF9DD23881CB800EB13C8 /* ControlsAndTextViews */,
			);
		};
/* End PBXProject section */

/* Begin PBXResourcesBuildPhase section */
		AC6AF9DC23881CB800EB13C8 /* Resources */ = {
			isa = PBXResourcesBuildPhase;
			buildActionMask = 2147483647;
			files = (
				AC6AF9EE23881CB900EB13C8 /* LaunchScreen.storyboard in Resources */,
				AC6AF9EB23881CB900EB13C8 /* Assets.xcassets in Resources */,
				AC6AF9E923881CB800EB13C8 /* Main.storyboard in Resources */,
			);
			runOnlyForDeploymentPostprocessing = 0;
		};
/* End PBXResourcesBuildPhase section */

/* Begin PBXSourcesBuildPhase section */
		AC6AF9DA23881CB800EB13C8 /* Sources */ = {
			isa = PBXSourcesBuildPhase;
			buildActionMask = 2147483647;
			files = (
				AC6AF9E623881CB800EB13C8 /* ViewController.swift in Sources */,
				AC6AF9E223881CB800EB13C8 /* AppDelegate.swift in Sources */,
				AC6AF9E423881CB800EB13C8 /* SceneDelegate.swift in Sources */,
			);
			runOnlyForDeploymentPostprocessing = 0;
		};
/* End PBXSourcesBuildPhase section */

/* Begin PBXVariantGroup section */
		AC6AF9E723881CB800EB13C8 /* Main.storyboard */ = {
			isa = PBXVariantGroup;
			children = (
				AC6AF9E823881CB800EB13C8 /* Base */,
			);
			name = Main.storyboard;
			sourceTree = "<group>";
		};
		AC6AF9EC23881CB900EB13C8 /* LaunchScreen.storyboard */ = {
			isa = PBXVariantGroup;
			children = (
				AC6AF9ED23881CB900EB13C8 /* Base */,
			);
			name = LaunchScreen.storyboard;
			sourceTree = "<group>";
		};
/* End PBXVariantGroup section */

/* Begin XCBuildConfiguration section */
		AC6AF9F023881CB900EB13C8 /* Debug */ = {
			isa = XCBuildConfiguration;
			buildSettings = {
				ALWAYS_SEARCH_USER_PATHS = NO;
				CLANG_ANALYZER_NONNULL = YES;
				CLANG_ANALYZER_NUMBER_OBJECT_CONVERSION = YES_AGGRESSIVE;
				CLANG_CXX_LANGUAGE_STANDARD = "gnu++14";
				CLANG_CXX_LIBRARY = "libc++";
				CLANG_ENABLE_MODULES = YES;
				CLANG_ENABLE_OBJC_ARC = YES;
				CLANG_ENABLE_OBJC_WEAK = YES;
				CLANG_WARN_BLOCK_CAPTURE_AUTORELEASING = YES;
				CLANG_WARN_BOOL_CONVERSION = YES;
				CLANG_WARN_COMMA = YES;
				CLANG_WARN_CONSTANT_CONVERSION = YES;
				CLANG_WARN_DEPRECATED_OBJC_IMPLEMENTATIONS = YES;
				CLANG_WARN_DIRECT_OBJC_ISA_USAGE = YES_ERROR;
				CLANG_WARN_DOCUMENTATION_COMMENTS = YES;
				CLANG_WARN_EMPTY_BODY = YES;
				CLANG_WARN_ENUM_CONVERSION = YES;
				CLANG_WARN_INFINITE_RECURSION = YES;
				CLANG_WARN_INT_CONVERSION = YES;
				CLANG_WARN_NON_LITERAL_NULL_CONVERSION = YES;
				CLANG_WARN_OBJC_IMPLICIT_RETAIN_SELF = YES;
				CLANG_WARN_OBJC_LITERAL_CONVERSION = YES;
				CLANG_WARN_OBJC_ROOT_CLASS = YES_ERROR;
				CLANG_WARN_RANGE_LOOP_ANALYSIS = YES;
				CLANG_WARN_STRICT_PROTOTYPES = YES;
				CLANG_WARN_SUSPICIOUS_MOVE = YES;
				CLANG_WARN_UNGUARDED_AVAILABILITY = YES_AGGRESSIVE;
				CLANG_WARN_UNREACHABLE_CODE = YES;
				CLANG_WARN__DUPLICATE_METHOD_MATCH = YES;
				COPY_PHASE_STRIP = NO;
				DEBUG_INFORMATION_FORMAT = dwarf;
				ENABLE_STRICT_OBJC_MSGSEND = YES;
				ENABLE_TESTABILITY = YES;
				GCC_C_LANGUAGE_STANDARD = gnu11;
				GCC_DYNAMIC_NO_PIC = NO;
				GCC_NO_COMMON_BLOCKS = YES;
				GCC_OPTIMIZATION_LEVEL = 0;
				GCC_PREPROCESSOR_DEFINITIONS = (
					"DEBUG=1",
					"$(inherited)",
				);
				GCC_WARN_64_TO_32_BIT_CONVERSION = YES;
				GCC_WARN_ABOUT_RETURN_TYPE = YES_ERROR;
				GCC_WARN_UNDECLARED_SELECTOR = YES;
				GCC_WARN_UNINITIALIZED_AUTOS = YES_AGGRESSIVE;
				GCC_WARN_UNUSED_FUNCTION = YES;
				GCC_WARN_UNUSED_VARIABLE = YES;
				IPHONEOS_DEPLOYMENT_TARGET = 13.2;
				MTL_ENABLE_DEBUG_INFO = INCLUDE_SOURCE;
				MTL_FAST_MATH = YES;
				ONLY_ACTIVE_ARCH = YES;
				SDKROOT = iphoneos;
				SWIFT_ACTIVE_COMPILATION_CONDITIONS = DEBUG;
				SWIFT_OPTIMIZATION_LEVEL = "-Onone";
			};
			name = Debug;
		};
		AC6AF9F123881CB900EB13C8 /* Release */ = {
			isa = XCBuildConfiguration;
			buildSettings = {
				ALWAYS_SEARCH_USER_PATHS = NO;
				CLANG_ANALYZER_NONNULL = YES;
				CLANG_ANALYZER_NUMBER_OBJECT_CONVERSION = YES_AGGRESSIVE;
				CLANG_CXX_LANGUAGE_STANDARD = "gnu++14";
				CLANG_CXX_LIBRARY = "libc++";
				CLANG_ENABLE_MODULES = YES;
				CLANG_ENABLE_OBJC_ARC = YES;
				CLANG_ENABLE_OBJC_WEAK = YES;
				CLANG_WARN_BLOCK_CAPTURE_AUTORELEASING = YES;
				CLANG_WARN_BOOL_CONVERSION = YES;
				CLANG_WARN_COMMA = YES;
				CLANG_WARN_CONSTANT_CONVERSION = YES;
				CLANG_WARN_DEPRECATED_OBJC_IMPLEMENTATIONS = YES;
				CLANG_WARN_DIRECT_OBJC_ISA_USAGE = YES_ERROR;
				CLANG_WARN_DOCUMENTATION_COMMENTS = YES;
				CLANG_WARN_EMPTY_BODY = YES;
				CLANG_WARN_ENUM_CONVERSION = YES;
				CLANG_WARN_INFINITE_RECURSION = YES;
				CLANG_WARN_INT_CONVERSION = YES;
				CLANG_WARN_NON_LITERAL_NULL_CONVERSION = YES;
				CLANG_WARN_OBJC_IMPLICIT_RETAIN_SELF = YES;
				CLANG_WARN_OBJC_LITERAL_CONVERSION = YES;
				CLANG_WARN_OBJC_ROOT_CLASS = YES_ERROR;
				CLANG_WARN_RANGE_LOOP_ANALYSIS = YES;
				CLANG_WARN_STRICT_PROTOTYPES = YES;
				CLANG_WARN_SUSPICIOUS_MOVE = YES;
				CLANG_WARN_UNGUARDED_AVAILABILITY = YES_AGGRESSIVE;
				CLANG_WARN_UNREACHABLE_CODE = YES;
				CLANG_WARN__DUPLICATE_METHOD_MATCH = YES;
				COPY_PHASE_STRIP = NO;
				DEBUG_INFORMATION_FORMAT = "dwarf-with-dsym";
				ENABLE_NS_ASSERTIONS = NO;
				ENABLE_STRICT_OBJC_MSGSEND = YES;
				GCC_C_LANGUAGE_STANDARD = gnu11;
				GCC_NO_COMMON_BLOCKS = YES;
				GCC_WARN_64_TO_32_BIT_CONVERSION = YES;
				GCC_WARN_ABOUT_RETURN_TYPE = YES_ERROR;
				GCC_WARN_UNDECLARED_SELECTOR = YES;
				GCC_WARN_UNINITIALIZED_AUTOS = YES_AGGRESSIVE;
				GCC_WARN_UNUSED_FUNCTION = YES;
				GCC_WARN_UNUSED_VARIABLE = YES;
				IPHONEOS_DEPLOYMENT_TARGET = 13.2;
				MTL_ENABLE_DEBUG_INFO = NO;
				MTL_FAST_MATH = YES;
				SDKROOT = iphoneos;
				SWIFT_COMPILATION_MODE = wholemodule;
				SWIFT_OPTIMIZATION_LEVEL = "-O";
				VALIDATE_PRODUCT = YES;
			};
			name = Release;
		};
		AC6AF9F323881CB900EB13C8 /* Debug */ = {
			isa = XCBuildConfiguration;
			buildSettings = {
				ASSETCATALOG_COMPILER_APPICON_NAME = AppIcon;
				CODE_SIGN_STYLE = Automatic;
				DEVELOPMENT_TEAM = SJGR47U9J5;
				INFOPLIST_FILE = ControlsAndTextViews/Info.plist;
				LD_RUNPATH_SEARCH_PATHS = (
					"$(inherited)",
					"@executable_path/Frameworks",
				);
				PRODUCT_BUNDLE_IDENTIFIER = com.mouredev.ControlsAndTextViews;
				PRODUCT_NAME = "$(TARGET_NAME)";
				SWIFT_VERSION = 5.0;
				TARGETED_DEVICE_FAMILY = "1,2";
			};
			name = Debug;
		};
		AC6AF9F423881CB900EB13C8 /* Release */ = {
			isa = XCBuildConfiguration;
			buildSettings = {
				ASSETCATALOG_COMPILER_APPICON_NAME = AppIcon;
				CODE_SIGN_STYLE = Automatic;
				DEVELOPMENT_TEAM = SJGR47U9J5;
				INFOPLIST_FILE = ControlsAndTextViews/Info.plist;
				LD_RUNPATH_SEARCH_PATHS = (
					"$(inherited)",
					"@executable_path/Frameworks",
				);
				PRODUCT_BUNDLE_IDENTIFIER = com.mouredev.ControlsAndTextViews;
				PRODUCT_NAME = "$(TARGET_NAME)";
				SWIFT_VERSION = 5.0;
				TARGETED_DEVICE_FAMILY = "1,2";
			};
			name = Release;
		};
/* End XCBuildConfiguration section */

/* Begin XCConfigurationList section */
		AC6AF9D923881CB800EB13C8 /* Build configuration list for PBXProject "ControlsAndTextViews" */ = {
			isa = XCConfigurationList;
			buildConfigurations = (
				AC6AF9F023881CB900EB13C8 /* Debug */,
				AC6AF9F123881CB900EB13C8 /* Release */,
			);
			defaultConfigurationIsVisible = 0;
			defaultConfigurationName = Release;
		};
		AC6AF9F223881CB900EB13C8 /* Build configuration list for PBXNativeTarget "ControlsAndTextViews" */ = {
			isa = XCConfigurationList;
			buildConfigurations = (
				AC6AF9F323881CB900EB13C8 /* Debug */,
				AC6AF9F423881CB900EB13C8 /* Release */,
			);
			defaultConfigurationIsVisible = 0;
			defaultConfigurationName = Release;
		};
/* End XCConfigurationList section */
	};
	rootObject = AC6AF9D623881CB800EB13C8 /* Project object */;
}
