// !$*UTF8*$!
{
	archiveVersion = 1;
	classes = {
	};
	objectVersion = 50;
	objects = {

/* Begin PBXBuildFile section */
		AC43B32B2405238500A64DE3 /* AppDelegate.swift in Sources */ = {isa = PBXBuildFile; fileRef = AC43B32A2405238500A64DE3 /* AppDelegate.swift */; };
		AC43B32D2405238500A64DE3 /* SceneDelegate.swift in Sources */ = {isa = PBXBuildFile; fileRef = AC43B32C2405238500A64DE3 /* SceneDelegate.swift */; };
		AC43B32F2405238500A64DE3 /* ViewController.swift in Sources */ = {isa = PBXBuildFile; fileRef = AC43B32E2405238500A64DE3 /* ViewController.swift */; };
		AC43B3322405238500A64DE3 /* Main.storyboard in Resources */ = {isa = PBXBuildFile; fileRef = AC43B3302405238500A64DE3 /* Main.storyboard */; };
		AC43B3342405238500A64DE3 /* Assets.xcassets in Resources */ = {isa = PBXBuildFile; fileRef = AC43B3332405238500A64DE3 /* Assets.xcassets */; };
		AC43B3372405238500A64DE3 /* LaunchScreen.storyboard in Resources */ = {isa = PBXBuildFile; fileRef = AC43B3352405238500A64DE3 /* LaunchScreen.storyboard */; };
		AC4C1B77240541EE0092609E /* MyCustomCollectionViewCell.swift in Sources */ = {isa = PBXBuildFile; fileRef = AC4C1B75240541EE0092609E /* MyCustomCollectionViewCell.swift */; };
		AC4C1B78240541EE0092609E /* MyCustomCollectionViewCell.xib in Resources */ = {isa = PBXBuildFile; fileRef = AC4C1B76240541EE0092609E /* MyCustomCollectionViewCell.xib */; };
/* End PBXBuildFile section */

/* Begin PBXFileReference section */
		AC43B3272405238500A64DE3 /* CollectionViews.app */ = {isa = PBXFileReference; explicitFileType = wrapper.application; includeInIndex = 0; path = CollectionViews.app; sourceTree = BUILT_PRODUCTS_DIR; };
		AC43B32A2405238500A64DE3 /* AppDelegate.swift */ = {isa = PBXFileReference; lastKnownFileType = sourcecode.swift; path = AppDelegate.swift; sourceTree = "<group>"; };
		AC43B32C2405238500A64DE3 /* SceneDelegate.swift */ = {isa = PBXFileReference; lastKnownFileType = sourcecode.swift; path = SceneDelegate.swift; sourceTree = "<group>"; };
		AC43B32E2405238500A64DE3 /* ViewController.swift */ = {isa = PBXFileReference; lastKnownFileType = sourcecode.swift; path = ViewController.swift; sourceTree = "<group>"; };
		AC43B3312405238500A64DE3 /* Base */ = {isa = PBXFileReference; lastKnownFileType = file.storyboard; name = Base; path = Base.lproj/Main.storyboard; sourceTree = "<group>"; };
		AC43B3332405238500A64DE3 /* Assets.xcassets */ = {isa = PBXFileReference; lastKnownFileType = folder.assetcatalog; path = Assets.xcassets; sourceTree = "<group>"; };
		AC43B3362405238500A64DE3 /* Base */ = {isa = PBXFileReference; lastKnownFileType = file.storyboard; name = Base; path = Base.lproj/LaunchScreen.storyboard; sourceTree = "<group>"; };
		AC43B3382405238500A64DE3 /* Info.plist */ = {isa = PBXFileReference; lastKnownFileType = text.plist.xml; path = Info.plist; sourceTree = "<group>"; };
		AC4C1B75240541EE0092609E /* MyCustomCollectionViewCell.swift */ = {isa = PBXFileReference; lastKnownFileType = sourcecode.swift; path = MyCustomCollectionViewCell.swift; sourceTree = "<group>"; };
		AC4C1B76240541EE0092609E /* MyCustomCollectionViewCell.xib */ = {isa = PBXFileReference; lastKnownFileType = file.xib; path = MyCustomCollectionViewCell.xib; sourceTree = "<group>"; };
/* End PBXFileReference section */

/* Begin PBXFrameworksBuildPhase section */
		AC43B3242405238500A64DE3 /* Frameworks */ = {
			isa = PBXFrameworksBuildPhase;
			buildActionMask = 2147483647;
			files = (
			);
			runOnlyForDeploymentPostprocessing = 0;
		};
/* End PBXFrameworksBuildPhase section */

/* Begin PBXGroup section */
		AC43B31E2405238500A64DE3 = {
			isa = PBXGroup;
			children = (
				AC43B3292405238500A64DE3 /* CollectionViews */,
				AC43B3282405238500A64DE3 /* Products */,
			);
			sourceTree = "<group>";
		};
		AC43B3282405238500A64DE3 /* Products */ = {
			isa = PBXGroup;
			children = (
				AC43B3272405238500A64DE3 /* CollectionViews.app */,
			);
			name = Products;
			sourceTree = "<group>";
		};
		AC43B3292405238500A64DE3 /* CollectionViews */ = {
			isa = PBXGroup;
			children = (
				AC43B32A2405238500A64DE3 /* AppDelegate.swift */,
				AC43B32C2405238500A64DE3 /* SceneDelegate.swift */,
				AC43B32E2405238500A64DE3 /* ViewController.swift */,
				AC43B3302405238500A64DE3 /* Main.storyboard */,
				AC43B3332405238500A64DE3 /* Assets.xcassets */,
				AC43B3352405238500A64DE3 /* LaunchScreen.storyboard */,
				AC43B3382405238500A64DE3 /* Info.plist */,
				AC4C1B75240541EE0092609E /* MyCustomCollectionViewCell.swift */,
				AC4C1B76240541EE0092609E /* MyCustomCollectionViewCell.xib */,
			);
			path = CollectionViews;
			sourceTree = "<group>";
		};
/* End PBXGroup section */

/* Begin PBXNativeTarget section */
		AC43B3262405238500A64DE3 /* CollectionViews */ = {
			isa = PBXNativeTarget;
			buildConfigurationList = AC43B33B2405238500A64DE3 /* Build configuration list for PBXNativeTarget "CollectionViews" */;
			buildPhases = (
				AC43B3232405238500A64DE3 /* Sources */,
				AC43B3242405238500A64DE3 /* Frameworks */,
				AC43B3252405238500A64DE3 /* Resources */,
			);
			buildRules = (
			);
			dependencies = (
			);
			name = CollectionViews;
			productName = CollectionViews;
			productReference = AC43B3272405238500A64DE3 /* CollectionViews.app */;
			productType = "com.apple.product-type.application";
		};
/* End PBXNativeTarget section */

/* Begin PBXProject section */
		AC43B31F2405238500A64DE3 /* Project object */ = {
			isa = PBXProject;
			attributes = {
				LastSwiftUpdateCheck = 1130;
				LastUpgradeCheck = 1130;
				ORGANIZATIONNAME = MoureDev;
				TargetAttributes = {
					AC43B3262405238500A64DE3 = {
						CreatedOnToolsVersion = 11.3.1;
					};
				};
			};
			buildConfigurationList = AC43B3222405238500A64DE3 /* Build configuration list for PBXProject "CollectionViews" */;
			compatibilityVersion = "Xcode 9.3";
			developmentRegion = en;
			hasScannedForEncodings = 0;
			knownRegions = (
				en,
				Base,
			);
			mainGroup = AC43B31E2405238500A64DE3;
			productRefGroup = AC43B3282405238500A64DE3 /* Products */;
			projectDirPath = "";
			projectRoot = "";
			targets = (
				AC43B3262405238500A64DE3 /* CollectionViews */,
			);
		};
/* End PBXProject section */

/* Begin PBXResourcesBuildPhase section */
		AC43B3252405238500A64DE3 /* Resources */ = {
			isa = PBXResourcesBuildPhase;
			buildActionMask = 2147483647;
			files = (
				AC43B3372405238500A64DE3 /* LaunchScreen.storyboard in Resources */,
				AC43B3342405238500A64DE3 /* Assets.xcassets in Resources */,
				AC43B3322405238500A64DE3 /* Main.storyboard in Resources */,
				AC4C1B78240541EE0092609E /* MyCustomCollectionViewCell.xib in Resources */,
			);
			runOnlyForDeploymentPostprocessing = 0;
		};
/* End PBXResourcesBuildPhase section */

/* Begin PBXSourcesBuildPhase section */
		AC43B3232405238500A64DE3 /* Sources */ = {
			isa = PBXSourcesBuildPhase;
			buildActionMask = 2147483647;
			files = (
				AC43B32F2405238500A64DE3 /* ViewController.swift in Sources */,
				AC43B32B2405238500A64DE3 /* AppDelegate.swift in Sources */,
				AC4C1B77240541EE0092609E /* MyCustomCollectionViewCell.swift in Sources */,
				AC43B32D2405238500A64DE3 /* SceneDelegate.swift in Sources */,
			);
			runOnlyForDeploymentPostprocessing = 0;
		};
/* End PBXSourcesBuildPhase section */

/* Begin PBXVariantGroup section */
		AC43B3302405238500A64DE3 /* Main.storyboard */ = {
			isa = PBXVariantGroup;
			children = (
				AC43B3312405238500A64DE3 /* Base */,
			);
			name = Main.storyboard;
			sourceTree = "<group>";
		};
		AC43B3352405238500A64DE3 /* LaunchScreen.storyboard */ = {
			isa = PBXVariantGroup;
			children = (
				AC43B3362405238500A64DE3 /* Base */,
			);
			name = LaunchScreen.storyboard;
			sourceTree = "<group>";
		};
/* End PBXVariantGroup section */

/* Begin XCBuildConfiguration section */
		AC43B3392405238500A64DE3 /* Debug */ = {
			isa = XCBuildConfiguration;
			buildSettings = {
				ALWAYS_SEARCH_USER_PATHS = NO;
				CLANG_ANALYZER_NONNULL = YES;
				CLANG_ANALYZER_NUMBER_OBJECT_CONVERSION = YES_AGGRESSIVE;
				CLANG_CXX_LANGUAGE_STANDARD = "gnu++14";
				CLANG_CXX_LIBRARY = "libc++";
				CLANG_ENABLE_MODULES = YES;
				CLANG_ENABLE_OBJC_ARC = YES;
				CLANG_ENABLE_OBJC_WEAK = YES;
				CLANG_WARN_BLOCK_CAPTURE_AUTORELEASING = YES;
				CLANG_WARN_BOOL_CONVERSION = YES;
				CLANG_WARN_COMMA = YES;
				CLANG_WARN_CONSTANT_CONVERSION = YES;
				CLANG_WARN_DEPRECATED_OBJC_IMPLEMENTATIONS = YES;
				CLANG_WARN_DIRECT_OBJC_ISA_USAGE = YES_ERROR;
				CLANG_WARN_DOCUMENTATION_COMMENTS = YES;
				CLANG_WARN_EMPTY_BODY = YES;
				CLANG_WARN_ENUM_CONVERSION = YES;
				CLANG_WARN_INFINITE_RECURSION = YES;
				CLANG_WARN_INT_CONVERSION = YES;
				CLANG_WARN_NON_LITERAL_NULL_CONVERSION = YES;
				CLANG_WARN_OBJC_IMPLICIT_RETAIN_SELF = YES;
				CLANG_WARN_OBJC_LITERAL_CONVERSION = YES;
				CLANG_WARN_OBJC_ROOT_CLASS = YES_ERROR;
				CLANG_WARN_RANGE_LOOP_ANALYSIS = YES;
				CLANG_WARN_STRICT_PROTOTYPES = YES;
				CLANG_WARN_SUSPICIOUS_MOVE = YES;
				CLANG_WARN_UNGUARDED_AVAILABILITY = YES_AGGRESSIVE;
				CLANG_WARN_UNREACHABLE_CODE = YES;
				CLANG_WARN__DUPLICATE_METHOD_MATCH = YES;
				COPY_PHASE_STRIP = NO;
				DEBUG_INFORMATION_FORMAT = dwarf;
				ENABLE_STRICT_OBJC_MSGSEND = YES;
				ENABLE_TESTABILITY = YES;
				GCC_C_LANGUAGE_STANDARD = gnu11;
				GCC_DYNAMIC_NO_PIC = NO;
				GCC_NO_COMMON_BLOCKS = YES;
				GCC_OPTIMIZATION_LEVEL = 0;
				GCC_PREPROCESSOR_DEFINITIONS = (
					"DEBUG=1",
					"$(inherited)",
				);
				GCC_WARN_64_TO_32_BIT_CONVERSION = YES;
				GCC_WARN_ABOUT_RETURN_TYPE = YES_ERROR;
				GCC_WARN_UNDECLARED_SELECTOR = YES;
				GCC_WARN_UNINITIALIZED_AUTOS = YES_AGGRESSIVE;
				GCC_WARN_UNUSED_FUNCTION = YES;
				GCC_WARN_UNUSED_VARIABLE = YES;
				IPHONEOS_DEPLOYMENT_TARGET = 13.2;
				MTL_ENABLE_DEBUG_INFO = INCLUDE_SOURCE;
				MTL_FAST_MATH = YES;
				ONLY_ACTIVE_ARCH = YES;
				SDKROOT = iphoneos;
				SWIFT_ACTIVE_COMPILATION_CONDITIONS = DEBUG;
				SWIFT_OPTIMIZATION_LEVEL = "-Onone";
			};
			name = Debug;
		};
		AC43B33A2405238500A64DE3 /* Release */ = {
			isa = XCBuildConfiguration;
			buildSettings = {
				ALWAYS_SEARCH_USER_PATHS = NO;
				CLANG_ANALYZER_NONNULL = YES;
				CLANG_ANALYZER_NUMBER_OBJECT_CONVERSION = YES_AGGRESSIVE;
				CLANG_CXX_LANGUAGE_STANDARD = "gnu++14";
				CLANG_CXX_LIBRARY = "libc++";
				CLANG_ENABLE_MODULES = YES;
				CLANG_ENABLE_OBJC_ARC = YES;
				CLANG_ENABLE_OBJC_WEAK = YES;
				CLANG_WARN_BLOCK_CAPTURE_AUTORELEASING = YES;
				CLANG_WARN_BOOL_CONVERSION = YES;
				CLANG_WARN_COMMA = YES;
				CLANG_WARN_CONSTANT_CONVERSION = YES;
				CLANG_WARN_DEPRECATED_OBJC_IMPLEMENTATIONS = YES;
				CLANG_WARN_DIRECT_OBJC_ISA_USAGE = YES_ERROR;
				CLANG_WARN_DOCUMENTATION_COMMENTS = YES;
				CLANG_WARN_EMPTY_BODY = YES;
				CLANG_WARN_ENUM_CONVERSION = YES;
				CLANG_WARN_INFINITE_RECURSION = YES;
				CLANG_WARN_INT_CONVERSION = YES;
				CLANG_WARN_NON_LITERAL_NULL_CONVERSION = YES;
				CLANG_WARN_OBJC_IMPLICIT_RETAIN_SELF = YES;
				CLANG_WARN_OBJC_LITERAL_CONVERSION = YES;
				CLANG_WARN_OBJC_ROOT_CLASS = YES_ERROR;
				CLANG_WARN_RANGE_LOOP_ANALYSIS = YES;
				CLANG_WARN_STRICT_PROTOTYPES = YES;
				CLANG_WARN_SUSPICIOUS_MOVE = YES;
				CLANG_WARN_UNGUARDED_AVAILABILITY = YES_AGGRESSIVE;
				CLANG_WARN_UNREACHABLE_CODE = YES;
				CLANG_WARN__DUPLICATE_METHOD_MATCH = YES;
				COPY_PHASE_STRIP = NO;
				DEBUG_INFORMATION_FORMAT = "dwarf-with-dsym";
				ENABLE_NS_ASSERTIONS = NO;
				ENABLE_STRICT_OBJC_MSGSEND = YES;
				GCC_C_LANGUAGE_STANDARD = gnu11;
				GCC_NO_COMMON_BLOCKS = YES;
				GCC_WARN_64_TO_32_BIT_CONVERSION = YES;
				GCC_WARN_ABOUT_RETURN_TYPE = YES_ERROR;
				GCC_WARN_UNDECLARED_SELECTOR = YES;
				GCC_WARN_UNINITIALIZED_AUTOS = YES_AGGRESSIVE;
				GCC_WARN_UNUSED_FUNCTION = YES;
				GCC_WARN_UNUSED_VARIABLE = YES;
				IPHONEOS_DEPLOYMENT_TARGET = 13.2;
				MTL_ENABLE_DEBUG_INFO = NO;
				MTL_FAST_MATH = YES;
				SDKROOT = iphoneos;
				SWIFT_COMPILATION_MODE = wholemodule;
				SWIFT_OPTIMIZATION_LEVEL = "-O";
				VALIDATE_PRODUCT = YES;
			};
			name = Release;
		};
		AC43B33C2405238500A64DE3 /* Debug */ = {
			isa = XCBuildConfiguration;
			buildSettings = {
				ASSETCATALOG_COMPILER_APPICON_NAME = AppIcon;
				CODE_SIGN_STYLE = Automatic;
				DEVELOPMENT_TEAM = SJGR47U9J5;
				INFOPLIST_FILE = CollectionViews/Info.plist;
				IPHONEOS_DEPLOYMENT_TARGET = 13.0;
				LD_RUNPATH_SEARCH_PATHS = (
					"$(inherited)",
					"@executable_path/Frameworks",
				);
				PRODUCT_BUNDLE_IDENTIFIER = com.mouredev.CollectionViews;
				PRODUCT_NAME = "$(TARGET_NAME)";
				SWIFT_VERSION = 5.0;
				TARGETED_DEVICE_FAMILY = "1,2";
			};
			name = Debug;
		};
		AC43B33D2405238500A64DE3 /* Release */ = {
			isa = XCBuildConfiguration;
			buildSettings = {
				ASSETCATALOG_COMPILER_APPICON_NAME = AppIcon;
				CODE_SIGN_STYLE = Automatic;
				DEVELOPMENT_TEAM = SJGR47U9J5;
				INFOPLIST_FILE = CollectionViews/Info.plist;
				IPHONEOS_DEPLOYMENT_TARGET = 13.0;
				LD_RUNPATH_SEARCH_PATHS = (
					"$(inherited)",
					"@executable_path/Frameworks",
				);
				PRODUCT_BUNDLE_IDENTIFIER = com.mouredev.CollectionViews;
				PRODUCT_NAME = "$(TARGET_NAME)";
				SWIFT_VERSION = 5.0;
				TARGETED_DEVICE_FAMILY = "1,2";
			};
			name = Release;
		};
/* End XCBuildConfiguration section */

/* Begin XCConfigurationList section */
		AC43B3222405238500A64DE3 /* Build configuration list for PBXProject "CollectionViews" */ = {
			isa = XCConfigurationList;
			buildConfigurations = (
				AC43B3392405238500A64DE3 /* Debug */,
				AC43B33A2405238500A64DE3 /* Release */,
			);
			defaultConfigurationIsVisible = 0;
			defaultConfigurationName = Release;
		};
		AC43B33B2405238500A64DE3 /* Build configuration list for PBXNativeTarget "CollectionViews" */ = {
			isa = XCConfigurationList;
			buildConfigurations = (
				AC43B33C2405238500A64DE3 /* Debug */,
				AC43B33D2405238500A64DE3 /* Release */,
			);
			defaultConfigurationIsVisible = 0;
			defaultConfigurationName = Release;
		};
/* End XCConfigurationList section */
	};
	rootObject = AC43B31F2405238500A64DE3 /* Project object */;
}
